
Microsoft Visual Studio Solution File, Format Version 12.00
# Visual Studio Version 16
VisualStudioVersion = 16.0.30204.135
MinimumVisualStudioVersion = 10.0.40219.1
Project("{FAE04EC0-301F-11D3-BF4B-00C04F79EFBC}") = "TradeMicroservices", "TradeMicroservices\TradeMicroservices.csproj", "{46C98A75-77D6-486C-8348-CFC16BAE0F7E}"
EndProject
Project("{FAE04EC0-301F-11D3-BF4B-00C04F79EFBC}") = "SingleSignOnMicroservices", "SingleSignOnMicroservices\SingleSignOnMicroservices.csproj", "{4D4DEC8E-1521-4EC0-83B7-7E9EA6DB5290}"
EndProject
Global
	GlobalSection(SolutionConfigurationPlatforms) = preSolution
		Debug|Any CPU = Debug|Any CPU
		Release|Any CPU = Release|Any CPU
	EndGlobalSection
	GlobalSection(ProjectConfigurationPlatforms) = postSolution
		{46C98A75-77D6-486C-8348-CFC16BAE0F7E}.Debug|Any CPU.ActiveCfg = Debug|Any CPU
		{46C98A75-77D6-486C-8348-CFC16BAE0F7E}.Debug|Any CPU.Build.0 = Debug|Any CPU
		{46C98A75-77D6-486C-8348-CFC16BAE0F7E}.Release|Any CPU.ActiveCfg = Release|Any CPU
		{46C98A75-77D6-486C-8348-CFC16BAE0F7E}.Release|Any CPU.Build.0 = Release|Any CPU
		{4D4DEC8E-1521-4EC0-83B7-7E9EA6DB5290}.Debug|Any CPU.ActiveCfg = Debug|Any CPU
		{4D4DEC8E-1521-4EC0-83B7-7E9EA6DB5290}.Debug|Any CPU.Build.0 = Debug|Any CPU
		{4D4DEC8E-1521-4EC0-83B7-7E9EA6DB5290}.Release|Any CPU.ActiveCfg = Release|Any CPU
		{4D4DEC8E-1521-4EC0-83B7-7E9EA6DB5290}.Release|Any CPU.Build.0 = Release|Any CPU
	EndGlobalSection
	GlobalSection(SolutionProperties) = preSolution
		HideSolutionNode = FALSE
	EndGlobalSection
	GlobalSection(ExtensibilityGlobals) = postSolution
		SolutionGuid = {218E7CBE-75B2-4D46-98C8-E2A053D02BB7}
	EndGlobalSection
EndGlobal
